github.com/beevik/etree v1.5.1 h1:TC3zyxYp+81wAmbsi8SWUpZCurbxa6S8RITYRSkNRwo=
github.com/beevik/etree v1.5.1/go.mod h1:gPNJNaBGVZ9AwsidazFZyygnd+0pAU38N4D+WemwKNs=
github.com/terminalstatic/go-xsd-validate v0.1.6 h1:TenYeQ3eY631qNi1/cTmLH/s2slHPRKTTHT+XSHkepo=
github.com/terminalstatic/go-xsd-validate v0.1.6/go.mod h1:18lsvYFofBflqCrvo1umpABZ99+GneNTw2kEEc8UPJw=
